// !$*UTF8*$!
{
	archiveVersion = 1;
	classes = {
	};
	objectVersion = 56;
	objects = {

/* Begin PBXBuildFile section */
		AA9B62082D2D47CB0064CB23 /* AppDelegate.swift in Sources */ = {isa = PBXBuildFile; fileRef = AA9B62072D2D47CB0064CB23 /* AppDelegate.swift */; };
		AA9B620A2D2D47CB0064CB23 /* SceneDelegate.swift in Sources */ = {isa = PBXBuildFile; fileRef = AA9B62092D2D47CB0064CB23 /* SceneDelegate.swift */; };
		AA9B62112D2D47CE0064CB23 /* Assets.xcassets in Resources */ = {isa = PBXBuildFile; fileRef = AA9B62102D2D47CE0064CB23 /* Assets.xcassets */; };
		AA9B62142D2D47CE0064CB23 /* Base in Resources */ = {isa = PBXBuildFile; fileRef = AA9B62132D2D47CE0064CB23 /* Base */; };
		AA9B62202D2D5F790064CB23 /* StartViewController.swift in Sources */ = {isa = PBXBuildFile; fileRef = AA9B621F2D2D5F790064CB23 /* StartViewController.swift */; };
		AA9B62232D2D605A0064CB23 /* UIView + Pin.swift in Sources */ = {isa = PBXBuildFile; fileRef = AA9B62222D2D605A0064CB23 /* UIView + Pin.swift */; };
		AA9B62252D2D6C490064CB23 /* RegistrationAssembly.swift in Sources */ = {isa = PBXBuildFile; fileRef = AA9B62242D2D6C490064CB23 /* RegistrationAssembly.swift */; };
		AA9B62272D2D6C810064CB23 /* RegistrationInteractor.swift in Sources */ = {isa = PBXBuildFile; fileRef = AA9B62262D2D6C810064CB23 /* RegistrationInteractor.swift */; };
		AA9B62292D2D6C970064CB23 /* RegistrationPresenter.swift in Sources */ = {isa = PBXBuildFile; fileRef = AA9B62282D2D6C970064CB23 /* RegistrationPresenter.swift */; };
		AA9B622B2D2D6CA40064CB23 /* RegistrationViewController.swift in Sources */ = {isa = PBXBuildFile; fileRef = AA9B622A2D2D6CA40064CB23 /* RegistrationViewController.swift */; };
		AA9B622D2D2D6CAE0064CB23 /* RegistrationModels.swift in Sources */ = {isa = PBXBuildFile; fileRef = AA9B622C2D2D6CAE0064CB23 /* RegistrationModels.swift */; };
		AA9B622F2D2D6CB90064CB23 /* RegistrationProtocols.swift in Sources */ = {isa = PBXBuildFile; fileRef = AA9B622E2D2D6CB90064CB23 /* RegistrationProtocols.swift */; };
		AA9B62322D2D71670064CB23 /* ValidatorsProtocols.swift in Sources */ = {isa = PBXBuildFile; fileRef = AA9B62312D2D71670064CB23 /* ValidatorsProtocols.swift */; };
		AA9B62342D2D71A30064CB23 /* RegistrationPhoneValidator.swift in Sources */ = {isa = PBXBuildFile; fileRef = AA9B62332D2D71A30064CB23 /* RegistrationPhoneValidator.swift */; };
		AA9B62362D2D72E30064CB23 /* RegistrationWorker.swift in Sources */ = {isa = PBXBuildFile; fileRef = AA9B62352D2D72E30064CB23 /* RegistrationWorker.swift */; };
		AA9B623C2D2D75780064CB23 /* RegistrationServiceProtocols.swift in Sources */ = {isa = PBXBuildFile; fileRef = AA9B623B2D2D75780064CB23 /* RegistrationServiceProtocols.swift */; };
		AA9B623E2D2D75890064CB23 /* RegistrationService.swift in Sources */ = {isa = PBXBuildFile; fileRef = AA9B623D2D2D75890064CB23 /* RegistrationService.swift */; };
		AA9B62412D2EC0170064CB23 /* KeychainManager.swift in Sources */ = {isa = PBXBuildFile; fileRef = AA9B62402D2EC0170064CB23 /* KeychainManager.swift */; };
		AA9B62432D2EC4840064CB23 /* KeychainManagerProtocol.swift in Sources */ = {isa = PBXBuildFile; fileRef = AA9B62422D2EC4840064CB23 /* KeychainManagerProtocol.swift */; };
		AA9B62462D2EC77F0064CB23 /* VerifyAssembly.swift in Sources */ = {isa = PBXBuildFile; fileRef = AA9B62452D2EC77F0064CB23 /* VerifyAssembly.swift */; };
		AA9B62482D2EC78F0064CB23 /* VerifyInteractor.swift in Sources */ = {isa = PBXBuildFile; fileRef = AA9B62472D2EC78F0064CB23 /* VerifyInteractor.swift */; };
		AA9B624A2D2EC7A90064CB23 /* VerifyPresenter.swift in Sources */ = {isa = PBXBuildFile; fileRef = AA9B62492D2EC7A90064CB23 /* VerifyPresenter.swift */; };
		AA9B624C2D2EC7B40064CB23 /* VerifyWorker.swift in Sources */ = {isa = PBXBuildFile; fileRef = AA9B624B2D2EC7B40064CB23 /* VerifyWorker.swift */; };
		AA9B624E2D2EC7C50064CB23 /* VerifyViewController.swift in Sources */ = {isa = PBXBuildFile; fileRef = AA9B624D2D2EC7C50064CB23 /* VerifyViewController.swift */; };
		AA9B62502D2EC7D10064CB23 /* VerifyModels.swift in Sources */ = {isa = PBXBuildFile; fileRef = AA9B624F2D2EC7D10064CB23 /* VerifyModels.swift */; };
		AA9B62522D2EC7DC0064CB23 /* VerifyProtocols.swift in Sources */ = {isa = PBXBuildFile; fileRef = AA9B62512D2EC7DC0064CB23 /* VerifyProtocols.swift */; };
/* End PBXBuildFile section */

/* Begin PBXFileReference section */
		AA9B62042D2D47CB0064CB23 /* chakchat.app */ = {isa = PBXFileReference; explicitFileType = wrapper.application; includeInIndex = 0; path = chakchat.app; sourceTree = BUILT_PRODUCTS_DIR; };
		AA9B62072D2D47CB0064CB23 /* AppDelegate.swift */ = {isa = PBXFileReference; lastKnownFileType = sourcecode.swift; path = AppDelegate.swift; sourceTree = "<group>"; };
		AA9B62092D2D47CB0064CB23 /* SceneDelegate.swift */ = {isa = PBXFileReference; lastKnownFileType = sourcecode.swift; path = SceneDelegate.swift; sourceTree = "<group>"; };
		AA9B62102D2D47CE0064CB23 /* Assets.xcassets */ = {isa = PBXFileReference; lastKnownFileType = folder.assetcatalog; path = Assets.xcassets; sourceTree = "<group>"; };
		AA9B62132D2D47CE0064CB23 /* Base */ = {isa = PBXFileReference; lastKnownFileType = file.storyboard; name = Base; path = Base.lproj/LaunchScreen.storyboard; sourceTree = "<group>"; };
		AA9B62152D2D47CE0064CB23 /* Info.plist */ = {isa = PBXFileReference; lastKnownFileType = text.plist.xml; path = Info.plist; sourceTree = "<group>"; };
		AA9B621F2D2D5F790064CB23 /* StartViewController.swift */ = {isa = PBXFileReference; lastKnownFileType = sourcecode.swift; path = StartViewController.swift; sourceTree = "<group>"; };
		AA9B62222D2D605A0064CB23 /* UIView + Pin.swift */ = {isa = PBXFileReference; lastKnownFileType = sourcecode.swift; path = "UIView + Pin.swift"; sourceTree = "<group>"; };
		AA9B62242D2D6C490064CB23 /* RegistrationAssembly.swift */ = {isa = PBXFileReference; lastKnownFileType = sourcecode.swift; path = RegistrationAssembly.swift; sourceTree = "<group>"; };
		AA9B62262D2D6C810064CB23 /* RegistrationInteractor.swift */ = {isa = PBXFileReference; lastKnownFileType = sourcecode.swift; path = RegistrationInteractor.swift; sourceTree = "<group>"; };
		AA9B62282D2D6C970064CB23 /* RegistrationPresenter.swift */ = {isa = PBXFileReference; lastKnownFileType = sourcecode.swift; path = RegistrationPresenter.swift; sourceTree = "<group>"; };
		AA9B622A2D2D6CA40064CB23 /* RegistrationViewController.swift */ = {isa = PBXFileReference; lastKnownFileType = sourcecode.swift; path = RegistrationViewController.swift; sourceTree = "<group>"; };
		AA9B622C2D2D6CAE0064CB23 /* RegistrationModels.swift */ = {isa = PBXFileReference; lastKnownFileType = sourcecode.swift; path = RegistrationModels.swift; sourceTree = "<group>"; };
		AA9B622E2D2D6CB90064CB23 /* RegistrationProtocols.swift */ = {isa = PBXFileReference; lastKnownFileType = sourcecode.swift; path = RegistrationProtocols.swift; sourceTree = "<group>"; };
		AA9B62312D2D71670064CB23 /* ValidatorsProtocols.swift */ = {isa = PBXFileReference; lastKnownFileType = sourcecode.swift; path = ValidatorsProtocols.swift; sourceTree = "<group>"; };
		AA9B62332D2D71A30064CB23 /* RegistrationPhoneValidator.swift */ = {isa = PBXFileReference; lastKnownFileType = sourcecode.swift; path = RegistrationPhoneValidator.swift; sourceTree = "<group>"; };
		AA9B62352D2D72E30064CB23 /* RegistrationWorker.swift */ = {isa = PBXFileReference; lastKnownFileType = sourcecode.swift; path = RegistrationWorker.swift; sourceTree = "<group>"; };
		AA9B623B2D2D75780064CB23 /* RegistrationServiceProtocols.swift */ = {isa = PBXFileReference; lastKnownFileType = sourcecode.swift; path = RegistrationServiceProtocols.swift; sourceTree = "<group>"; };
		AA9B623D2D2D75890064CB23 /* RegistrationService.swift */ = {isa = PBXFileReference; lastKnownFileType = sourcecode.swift; path = RegistrationService.swift; sourceTree = "<group>"; };
		AA9B62402D2EC0170064CB23 /* KeychainManager.swift */ = {isa = PBXFileReference; lastKnownFileType = sourcecode.swift; path = KeychainManager.swift; sourceTree = "<group>"; };
		AA9B62422D2EC4840064CB23 /* KeychainManagerProtocol.swift */ = {isa = PBXFileReference; lastKnownFileType = sourcecode.swift; path = KeychainManagerProtocol.swift; sourceTree = "<group>"; };
		AA9B62452D2EC77F0064CB23 /* VerifyAssembly.swift */ = {isa = PBXFileReference; lastKnownFileType = sourcecode.swift; path = VerifyAssembly.swift; sourceTree = "<group>"; };
		AA9B62472D2EC78F0064CB23 /* VerifyInteractor.swift */ = {isa = PBXFileReference; lastKnownFileType = sourcecode.swift; path = VerifyInteractor.swift; sourceTree = "<group>"; };
		AA9B62492D2EC7A90064CB23 /* VerifyPresenter.swift */ = {isa = PBXFileReference; lastKnownFileType = sourcecode.swift; path = VerifyPresenter.swift; sourceTree = "<group>"; };
		AA9B624B2D2EC7B40064CB23 /* VerifyWorker.swift */ = {isa = PBXFileReference; lastKnownFileType = sourcecode.swift; path = VerifyWorker.swift; sourceTree = "<group>"; };
		AA9B624D2D2EC7C50064CB23 /* VerifyViewController.swift */ = {isa = PBXFileReference; lastKnownFileType = sourcecode.swift; path = VerifyViewController.swift; sourceTree = "<group>"; };
		AA9B624F2D2EC7D10064CB23 /* VerifyModels.swift */ = {isa = PBXFileReference; lastKnownFileType = sourcecode.swift; path = VerifyModels.swift; sourceTree = "<group>"; };
		AA9B62512D2EC7DC0064CB23 /* VerifyProtocols.swift */ = {isa = PBXFileReference; lastKnownFileType = sourcecode.swift; path = VerifyProtocols.swift; sourceTree = "<group>"; };
/* End PBXFileReference section */

/* Begin PBXFrameworksBuildPhase section */
		AA9B62012D2D47CB0064CB23 /* Frameworks */ = {
			isa = PBXFrameworksBuildPhase;
			buildActionMask = 2147483647;
			files = (
			);
			runOnlyForDeploymentPostprocessing = 0;
		};
/* End PBXFrameworksBuildPhase section */

/* Begin PBXGroup section */
		AA9B61FB2D2D47CB0064CB23 = {
			isa = PBXGroup;
			children = (
				AA9B62062D2D47CB0064CB23 /* chakchat */,
				AA9B62052D2D47CB0064CB23 /* Products */,
			);
			sourceTree = "<group>";
		};
		AA9B62052D2D47CB0064CB23 /* Products */ = {
			isa = PBXGroup;
			children = (
				AA9B62042D2D47CB0064CB23 /* chakchat.app */,
			);
			name = Products;
			sourceTree = "<group>";
		};
		AA9B62062D2D47CB0064CB23 /* chakchat */ = {
			isa = PBXGroup;
			children = (
				AA9B623F2D2EC0010064CB23 /* Keychain */,
				AA9B62372D2D75050064CB23 /* Services */,
				AA9B62302D2D71580064CB23 /* Validators */,
				AA9B62212D2D5FFE0064CB23 /* Extensions */,
				AA9B621D2D2D5E650064CB23 /* Screens */,
				AA9B62072D2D47CB0064CB23 /* AppDelegate.swift */,
				AA9B62092D2D47CB0064CB23 /* SceneDelegate.swift */,
				AA9B62102D2D47CE0064CB23 /* Assets.xcassets */,
				AA9B62122D2D47CE0064CB23 /* LaunchScreen.storyboard */,
				AA9B62152D2D47CE0064CB23 /* Info.plist */,
			);
			path = chakchat;
			sourceTree = "<group>";
		};
		AA9B621D2D2D5E650064CB23 /* Screens */ = {
			isa = PBXGroup;
			children = (
				AA9B62442D2EC76A0064CB23 /* VerifyCode */,
				AA9B621E2D2D5E790064CB23 /* Registration */,
				AA9B621F2D2D5F790064CB23 /* StartViewController.swift */,
			);
			path = Screens;
			sourceTree = "<group>";
		};
		AA9B621E2D2D5E790064CB23 /* Registration */ = {
			isa = PBXGroup;
			children = (
				AA9B62242D2D6C490064CB23 /* RegistrationAssembly.swift */,
				AA9B62262D2D6C810064CB23 /* RegistrationInteractor.swift */,
				AA9B62352D2D72E30064CB23 /* RegistrationWorker.swift */,
				AA9B62282D2D6C970064CB23 /* RegistrationPresenter.swift */,
				AA9B622A2D2D6CA40064CB23 /* RegistrationViewController.swift */,
				AA9B622C2D2D6CAE0064CB23 /* RegistrationModels.swift */,
				AA9B622E2D2D6CB90064CB23 /* RegistrationProtocols.swift */,
			);
			path = Registration;
			sourceTree = "<group>";
		};
		AA9B62212D2D5FFE0064CB23 /* Extensions */ = {
			isa = PBXGroup;
			children = (
				AA9B62222D2D605A0064CB23 /* UIView + Pin.swift */,
			);
			path = Extensions;
			sourceTree = "<group>";
		};
		AA9B62302D2D71580064CB23 /* Validators */ = {
			isa = PBXGroup;
			children = (
				AA9B62312D2D71670064CB23 /* ValidatorsProtocols.swift */,
				AA9B62332D2D71A30064CB23 /* RegistrationPhoneValidator.swift */,
			);
			path = Validators;
			sourceTree = "<group>";
		};
		AA9B62372D2D75050064CB23 /* Services */ = {
			isa = PBXGroup;
			children = (
				AA9B623A2D2D75620064CB23 /* RegistrationService */,
			);
			path = Services;
			sourceTree = "<group>";
		};
		AA9B623A2D2D75620064CB23 /* RegistrationService */ = {
			isa = PBXGroup;
			children = (
				AA9B623D2D2D75890064CB23 /* RegistrationService.swift */,
				AA9B623B2D2D75780064CB23 /* RegistrationServiceProtocols.swift */,
			);
			path = RegistrationService;
			sourceTree = "<group>";
		};
		AA9B623F2D2EC0010064CB23 /* Keychain */ = {
			isa = PBXGroup;
			children = (
				AA9B62402D2EC0170064CB23 /* KeychainManager.swift */,
				AA9B62422D2EC4840064CB23 /* KeychainManagerProtocol.swift */,
			);
			path = Keychain;
			sourceTree = "<group>";
		};
		AA9B62442D2EC76A0064CB23 /* VerifyCode */ = {
			isa = PBXGroup;
			children = (
				AA9B62452D2EC77F0064CB23 /* VerifyAssembly.swift */,
				AA9B62472D2EC78F0064CB23 /* VerifyInteractor.swift */,
				AA9B624B2D2EC7B40064CB23 /* VerifyWorker.swift */,
				AA9B62492D2EC7A90064CB23 /* VerifyPresenter.swift */,
				AA9B624D2D2EC7C50064CB23 /* VerifyViewController.swift */,
				AA9B624F2D2EC7D10064CB23 /* VerifyModels.swift */,
				AA9B62512D2EC7DC0064CB23 /* VerifyProtocols.swift */,
			);
			path = VerifyCode;
			sourceTree = "<group>";
		};
/* End PBXGroup section */

/* Begin PBXNativeTarget section */
		AA9B62032D2D47CB0064CB23 /* chakchat */ = {
			isa = PBXNativeTarget;
			buildConfigurationList = AA9B62182D2D47CE0064CB23 /* Build configuration list for PBXNativeTarget "chakchat" */;
			buildPhases = (
				AA9B62002D2D47CB0064CB23 /* Sources */,
				AA9B62012D2D47CB0064CB23 /* Frameworks */,
				AA9B62022D2D47CB0064CB23 /* Resources */,
			);
			buildRules = (
			);
			dependencies = (
			);
			name = chakchat;
			productName = chakchat;
			productReference = AA9B62042D2D47CB0064CB23 /* chakchat.app */;
			productType = "com.apple.product-type.application";
		};
/* End PBXNativeTarget section */

/* Begin PBXProject section */
		AA9B61FC2D2D47CB0064CB23 /* Project object */ = {
			isa = PBXProject;
			attributes = {
				BuildIndependentTargetsInParallel = 1;
				LastSwiftUpdateCheck = 1530;
				LastUpgradeCheck = 1530;
				TargetAttributes = {
					AA9B62032D2D47CB0064CB23 = {
						CreatedOnToolsVersion = 15.3;
					};
				};
			};
			buildConfigurationList = AA9B61FF2D2D47CB0064CB23 /* Build configuration list for PBXProject "chakchat" */;
			compatibilityVersion = "Xcode 14.0";
			developmentRegion = en;
			hasScannedForEncodings = 0;
			knownRegions = (
				en,
				Base,
			);
			mainGroup = AA9B61FB2D2D47CB0064CB23;
			productRefGroup = AA9B62052D2D47CB0064CB23 /* Products */;
			projectDirPath = "";
			projectRoot = "";
			targets = (
				AA9B62032D2D47CB0064CB23 /* chakchat */,
			);
		};
/* End PBXProject section */

/* Begin PBXResourcesBuildPhase section */
		AA9B62022D2D47CB0064CB23 /* Resources */ = {
			isa = PBXResourcesBuildPhase;
			buildActionMask = 2147483647;
			files = (
				AA9B62112D2D47CE0064CB23 /* Assets.xcassets in Resources */,
				AA9B62142D2D47CE0064CB23 /* Base in Resources */,
			);
			runOnlyForDeploymentPostprocessing = 0;
		};
/* End PBXResourcesBuildPhase section */

/* Begin PBXSourcesBuildPhase section */
		AA9B62002D2D47CB0064CB23 /* Sources */ = {
			isa = PBXSourcesBuildPhase;
			buildActionMask = 2147483647;
			files = (
				AA9B62342D2D71A30064CB23 /* RegistrationPhoneValidator.swift in Sources */,
				AA9B62482D2EC78F0064CB23 /* VerifyInteractor.swift in Sources */,
				AA9B623E2D2D75890064CB23 /* RegistrationService.swift in Sources */,
				AA9B62292D2D6C970064CB23 /* RegistrationPresenter.swift in Sources */,
				AA9B62252D2D6C490064CB23 /* RegistrationAssembly.swift in Sources */,
				AA9B624A2D2EC7A90064CB23 /* VerifyPresenter.swift in Sources */,
				AA9B622B2D2D6CA40064CB23 /* RegistrationViewController.swift in Sources */,
				AA9B623C2D2D75780064CB23 /* RegistrationServiceProtocols.swift in Sources */,
				AA9B62462D2EC77F0064CB23 /* VerifyAssembly.swift in Sources */,
				AA9B62502D2EC7D10064CB23 /* VerifyModels.swift in Sources */,
				AA9B62522D2EC7DC0064CB23 /* VerifyProtocols.swift in Sources */,
				AA9B62232D2D605A0064CB23 /* UIView + Pin.swift in Sources */,
				AA9B62412D2EC0170064CB23 /* KeychainManager.swift in Sources */,
				AA9B62082D2D47CB0064CB23 /* AppDelegate.swift in Sources */,
				AA9B62272D2D6C810064CB23 /* RegistrationInteractor.swift in Sources */,
				AA9B622F2D2D6CB90064CB23 /* RegistrationProtocols.swift in Sources */,
				AA9B62432D2EC4840064CB23 /* KeychainManagerProtocol.swift in Sources */,
				AA9B62362D2D72E30064CB23 /* RegistrationWorker.swift in Sources */,
				AA9B620A2D2D47CB0064CB23 /* SceneDelegate.swift in Sources */,
				AA9B62322D2D71670064CB23 /* ValidatorsProtocols.swift in Sources */,
				AA9B62202D2D5F790064CB23 /* StartViewController.swift in Sources */,
				AA9B624E2D2EC7C50064CB23 /* VerifyViewController.swift in Sources */,
				AA9B624C2D2EC7B40064CB23 /* VerifyWorker.swift in Sources */,
				AA9B622D2D2D6CAE0064CB23 /* RegistrationModels.swift in Sources */,
			);
			runOnlyForDeploymentPostprocessing = 0;
		};
/* End PBXSourcesBuildPhase section */

/* Begin PBXVariantGroup section */
		AA9B62122D2D47CE0064CB23 /* LaunchScreen.storyboard */ = {
			isa = PBXVariantGroup;
			children = (
				AA9B62132D2D47CE0064CB23 /* Base */,
			);
			name = LaunchScreen.storyboard;
			sourceTree = "<group>";
		};
/* End PBXVariantGroup section */

/* Begin XCBuildConfiguration section */
		AA9B62162D2D47CE0064CB23 /* Debug */ = {
			isa = XCBuildConfiguration;
			buildSettings = {
				ALWAYS_SEARCH_USER_PATHS = NO;
				ASSETCATALOG_COMPILER_GENERATE_SWIFT_ASSET_SYMBOL_EXTENSIONS = YES;
				CLANG_ANALYZER_NONNULL = YES;
				CLANG_ANALYZER_NUMBER_OBJECT_CONVERSION = YES_AGGRESSIVE;
				CLANG_CXX_LANGUAGE_STANDARD = "gnu++20";
				CLANG_ENABLE_MODULES = YES;
				CLANG_ENABLE_OBJC_ARC = YES;
				CLANG_ENABLE_OBJC_WEAK = YES;
				CLANG_WARN_BLOCK_CAPTURE_AUTORELEASING = YES;
				CLANG_WARN_BOOL_CONVERSION = YES;
				CLANG_WARN_COMMA = YES;
				CLANG_WARN_CONSTANT_CONVERSION = YES;
				CLANG_WARN_DEPRECATED_OBJC_IMPLEMENTATIONS = YES;
				CLANG_WARN_DIRECT_OBJC_ISA_USAGE = YES_ERROR;
				CLANG_WARN_DOCUMENTATION_COMMENTS = YES;
				CLANG_WARN_EMPTY_BODY = YES;
				CLANG_WARN_ENUM_CONVERSION = YES;
				CLANG_WARN_INFINITE_RECURSION = YES;
				CLANG_WARN_INT_CONVERSION = YES;
				CLANG_WARN_NON_LITERAL_NULL_CONVERSION = YES;
				CLANG_WARN_OBJC_IMPLICIT_RETAIN_SELF = YES;
				CLANG_WARN_OBJC_LITERAL_CONVERSION = YES;
				CLANG_WARN_OBJC_ROOT_CLASS = YES_ERROR;
				CLANG_WARN_QUOTED_INCLUDE_IN_FRAMEWORK_HEADER = YES;
				CLANG_WARN_RANGE_LOOP_ANALYSIS = YES;
				CLANG_WARN_STRICT_PROTOTYPES = YES;
				CLANG_WARN_SUSPICIOUS_MOVE = YES;
				CLANG_WARN_UNGUARDED_AVAILABILITY = YES_AGGRESSIVE;
				CLANG_WARN_UNREACHABLE_CODE = YES;
				CLANG_WARN__DUPLICATE_METHOD_MATCH = YES;
				COPY_PHASE_STRIP = NO;
				DEBUG_INFORMATION_FORMAT = dwarf;
				ENABLE_STRICT_OBJC_MSGSEND = YES;
				ENABLE_TESTABILITY = YES;
				ENABLE_USER_SCRIPT_SANDBOXING = YES;
				GCC_C_LANGUAGE_STANDARD = gnu17;
				GCC_DYNAMIC_NO_PIC = NO;
				GCC_NO_COMMON_BLOCKS = YES;
				GCC_OPTIMIZATION_LEVEL = 0;
				GCC_PREPROCESSOR_DEFINITIONS = (
					"DEBUG=1",
					"$(inherited)",
				);
				GCC_WARN_64_TO_32_BIT_CONVERSION = YES;
				GCC_WARN_ABOUT_RETURN_TYPE = YES_ERROR;
				GCC_WARN_UNDECLARED_SELECTOR = YES;
				GCC_WARN_UNINITIALIZED_AUTOS = YES_AGGRESSIVE;
				GCC_WARN_UNUSED_FUNCTION = YES;
				GCC_WARN_UNUSED_VARIABLE = YES;
				IPHONEOS_DEPLOYMENT_TARGET = 17.4;
				LOCALIZATION_PREFERS_STRING_CATALOGS = YES;
				MTL_ENABLE_DEBUG_INFO = INCLUDE_SOURCE;
				MTL_FAST_MATH = YES;
				ONLY_ACTIVE_ARCH = YES;
				SDKROOT = iphoneos;
				SWIFT_ACTIVE_COMPILATION_CONDITIONS = "DEBUG $(inherited)";
				SWIFT_OPTIMIZATION_LEVEL = "-Onone";
			};
			name = Debug;
		};
		AA9B62172D2D47CE0064CB23 /* Release */ = {
			isa = XCBuildConfiguration;
			buildSettings = {
				ALWAYS_SEARCH_USER_PATHS = NO;
				ASSETCATALOG_COMPILER_GENERATE_SWIFT_ASSET_SYMBOL_EXTENSIONS = YES;
				CLANG_ANALYZER_NONNULL = YES;
				CLANG_ANALYZER_NUMBER_OBJECT_CONVERSION = YES_AGGRESSIVE;
				CLANG_CXX_LANGUAGE_STANDARD = "gnu++20";
				CLANG_ENABLE_MODULES = YES;
				CLANG_ENABLE_OBJC_ARC = YES;
				CLANG_ENABLE_OBJC_WEAK = YES;
				CLANG_WARN_BLOCK_CAPTURE_AUTORELEASING = YES;
				CLANG_WARN_BOOL_CONVERSION = YES;
				CLANG_WARN_COMMA = YES;
				CLANG_WARN_CONSTANT_CONVERSION = YES;
				CLANG_WARN_DEPRECATED_OBJC_IMPLEMENTATIONS = YES;
				CLANG_WARN_DIRECT_OBJC_ISA_USAGE = YES_ERROR;
				CLANG_WARN_DOCUMENTATION_COMMENTS = YES;
				CLANG_WARN_EMPTY_BODY = YES;
				CLANG_WARN_ENUM_CONVERSION = YES;
				CLANG_WARN_INFINITE_RECURSION = YES;
				CLANG_WARN_INT_CONVERSION = YES;
				CLANG_WARN_NON_LITERAL_NULL_CONVERSION = YES;
				CLANG_WARN_OBJC_IMPLICIT_RETAIN_SELF = YES;
				CLANG_WARN_OBJC_LITERAL_CONVERSION = YES;
				CLANG_WARN_OBJC_ROOT_CLASS = YES_ERROR;
				CLANG_WARN_QUOTED_INCLUDE_IN_FRAMEWORK_HEADER = YES;
				CLANG_WARN_RANGE_LOOP_ANALYSIS = YES;
				CLANG_WARN_STRICT_PROTOTYPES = YES;
				CLANG_WARN_SUSPICIOUS_MOVE = YES;
				CLANG_WARN_UNGUARDED_AVAILABILITY = YES_AGGRESSIVE;
				CLANG_WARN_UNREACHABLE_CODE = YES;
				CLANG_WARN__DUPLICATE_METHOD_MATCH = YES;
				COPY_PHASE_STRIP = NO;
				DEBUG_INFORMATION_FORMAT = "dwarf-with-dsym";
				ENABLE_NS_ASSERTIONS = NO;
				ENABLE_STRICT_OBJC_MSGSEND = YES;
				ENABLE_USER_SCRIPT_SANDBOXING = YES;
				GCC_C_LANGUAGE_STANDARD = gnu17;
				GCC_NO_COMMON_BLOCKS = YES;
				GCC_WARN_64_TO_32_BIT_CONVERSION = YES;
				GCC_WARN_ABOUT_RETURN_TYPE = YES_ERROR;
				GCC_WARN_UNDECLARED_SELECTOR = YES;
				GCC_WARN_UNINITIALIZED_AUTOS = YES_AGGRESSIVE;
				GCC_WARN_UNUSED_FUNCTION = YES;
				GCC_WARN_UNUSED_VARIABLE = YES;
				IPHONEOS_DEPLOYMENT_TARGET = 17.4;
				LOCALIZATION_PREFERS_STRING_CATALOGS = YES;
				MTL_ENABLE_DEBUG_INFO = NO;
				MTL_FAST_MATH = YES;
				SDKROOT = iphoneos;
				SWIFT_COMPILATION_MODE = wholemodule;
				VALIDATE_PRODUCT = YES;
			};
			name = Release;
		};
		AA9B62192D2D47CE0064CB23 /* Debug */ = {
			isa = XCBuildConfiguration;
			buildSettings = {
				ASSETCATALOG_COMPILER_APPICON_NAME = AppIcon;
				ASSETCATALOG_COMPILER_GLOBAL_ACCENT_COLOR_NAME = AccentColor;
				CODE_SIGN_STYLE = Automatic;
				CURRENT_PROJECT_VERSION = 1;
				GENERATE_INFOPLIST_FILE = YES;
				INFOPLIST_FILE = chakchat/Info.plist;
				INFOPLIST_KEY_UIApplicationSupportsIndirectInputEvents = YES;
				INFOPLIST_KEY_UILaunchStoryboardName = LaunchScreen;
				INFOPLIST_KEY_UIMainStoryboardFile = Main;
				INFOPLIST_KEY_UISupportedInterfaceOrientations_iPad = "UIInterfaceOrientationPortrait UIInterfaceOrientationPortraitUpsideDown UIInterfaceOrientationLandscapeLeft UIInterfaceOrientationLandscapeRight";
				INFOPLIST_KEY_UISupportedInterfaceOrientations_iPhone = "UIInterfaceOrientationPortrait UIInterfaceOrientationLandscapeLeft UIInterfaceOrientationLandscapeRight";
				IPHONEOS_DEPLOYMENT_TARGET = 13.0;
				LD_RUNPATH_SEARCH_PATHS = (
					"$(inherited)",
					"@executable_path/Frameworks",
				);
				MARKETING_VERSION = 1.0;
				PRODUCT_BUNDLE_IDENTIFIER = chakchat.chakchat;
				PRODUCT_NAME = "$(TARGET_NAME)";
				SWIFT_EMIT_LOC_STRINGS = YES;
				SWIFT_VERSION = 5.0;
				TARGETED_DEVICE_FAMILY = "1,2";
			};
			name = Debug;
		};
		AA9B621A2D2D47CE0064CB23 /* Release */ = {
			isa = XCBuildConfiguration;
			buildSettings = {
				ASSETCATALOG_COMPILER_APPICON_NAME = AppIcon;
				ASSETCATALOG_COMPILER_GLOBAL_ACCENT_COLOR_NAME = AccentColor;
				CODE_SIGN_STYLE = Automatic;
				CURRENT_PROJECT_VERSION = 1;
				GENERATE_INFOPLIST_FILE = YES;
				INFOPLIST_FILE = chakchat/Info.plist;
				INFOPLIST_KEY_UIApplicationSupportsIndirectInputEvents = YES;
				INFOPLIST_KEY_UILaunchStoryboardName = LaunchScreen;
				INFOPLIST_KEY_UIMainStoryboardFile = Main;
				INFOPLIST_KEY_UISupportedInterfaceOrientations_iPad = "UIInterfaceOrientationPortrait UIInterfaceOrientationPortraitUpsideDown UIInterfaceOrientationLandscapeLeft UIInterfaceOrientationLandscapeRight";
				INFOPLIST_KEY_UISupportedInterfaceOrientations_iPhone = "UIInterfaceOrientationPortrait UIInterfaceOrientationLandscapeLeft UIInterfaceOrientationLandscapeRight";
				IPHONEOS_DEPLOYMENT_TARGET = 13.0;
				LD_RUNPATH_SEARCH_PATHS = (
					"$(inherited)",
					"@executable_path/Frameworks",
				);
				MARKETING_VERSION = 1.0;
				PRODUCT_BUNDLE_IDENTIFIER = chakchat.chakchat;
				PRODUCT_NAME = "$(TARGET_NAME)";
				SWIFT_EMIT_LOC_STRINGS = YES;
				SWIFT_VERSION = 5.0;
				TARGETED_DEVICE_FAMILY = "1,2";
			};
			name = Release;
		};
/* End XCBuildConfiguration section */

/* Begin XCConfigurationList section */
		AA9B61FF2D2D47CB0064CB23 /* Build configuration list for PBXProject "chakchat" */ = {
			isa = XCConfigurationList;
			buildConfigurations = (
				AA9B62162D2D47CE0064CB23 /* Debug */,
				AA9B62172D2D47CE0064CB23 /* Release */,
			);
			defaultConfigurationIsVisible = 0;
			defaultConfigurationName = Release;
		};
		AA9B62182D2D47CE0064CB23 /* Build configuration list for PBXNativeTarget "chakchat" */ = {
			isa = XCConfigurationList;
			buildConfigurations = (
				AA9B62192D2D47CE0064CB23 /* Debug */,
				AA9B621A2D2D47CE0064CB23 /* Release */,
			);
			defaultConfigurationIsVisible = 0;
			defaultConfigurationName = Release;
		};
/* End XCConfigurationList section */
	};
	rootObject = AA9B61FC2D2D47CB0064CB23 /* Project object */;
}
